
Microsoft Visual Studio Solution File, Format Version 12.00
# Visual Studio 15
VisualStudioVersion = 15.0.26406.1
MinimumVisualStudioVersion = 10.0.40219.1
Project("{9A19103F-16F7-4668-BE54-9A1E7A4F7556}") = "Jint", "Jint\Jint.csproj", "{4B6F353A-5D01-407D-9DC8-96D1FD4F7052}"
EndProject
Project("{9A19103F-16F7-4668-BE54-9A1E7A4F7556}") = "Jint.Benchmark", "Jint.Benchmark\Jint.Benchmark.csproj", "{228D9FA5-CBC0-4489-9805-9B4456747647}"
EndProject
Project("{9A19103F-16F7-4668-BE54-9A1E7A4F7556}") = "Jint.Repl", "Jint.Repl\Jint.Repl.csproj", "{BB3AC010-C2CE-41A5-93C6-763600EF67B3}"
EndProject
Project("{9A19103F-16F7-4668-BE54-9A1E7A4F7556}") = "Jint.Tests", "Jint.Tests\Jint.Tests.csproj", "{9FBCAB58-FE6D-4804-92B8-7CF886113708}"
EndProject
Project("{9A19103F-16F7-4668-BE54-9A1E7A4F7556}") = "Jint.Tests.Ecma", "Jint.Tests.Ecma\Jint.Tests.Ecma.csproj", "{2CC1F6A6-7DCC-4C7C-A619-ACE1A4296446}"
EndProject
Project("{9A19103F-16F7-4668-BE54-9A1E7A4F7556}") = "Jint.Tests.CommonScripts", "Jint.Tests.CommonScripts\Jint.Tests.CommonScripts.csproj", "{B815F239-6409-4BA7-9461-18317AA2DBED}"
EndProject
Project("{8BB2217D-0F2D-49D1-97BC-3654ED321F3B}") = "Esprima", "..\Esprima.NET\src\Esprima\Esprima.xproj", "{C9C93BFD-D276-4537-8724-4268520BF3C6}"
EndProject
Global
	GlobalSection(SolutionConfigurationPlatforms) = preSolution
		Debug|Any CPU = Debug|Any CPU
		Release|Any CPU = Release|Any CPU
	EndGlobalSection
	GlobalSection(ProjectConfigurationPlatforms) = postSolution
		{4B6F353A-5D01-407D-9DC8-96D1FD4F7052}.Debug|Any CPU.ActiveCfg = Debug|Any CPU
		{4B6F353A-5D01-407D-9DC8-96D1FD4F7052}.Debug|Any CPU.Build.0 = Debug|Any CPU
		{4B6F353A-5D01-407D-9DC8-96D1FD4F7052}.Release|Any CPU.ActiveCfg = Release|Any CPU
		{4B6F353A-5D01-407D-9DC8-96D1FD4F7052}.Release|Any CPU.Build.0 = Release|Any CPU
		{228D9FA5-CBC0-4489-9805-9B4456747647}.Debug|Any CPU.ActiveCfg = Debug|Any CPU
		{228D9FA5-CBC0-4489-9805-9B4456747647}.Debug|Any CPU.Build.0 = Debug|Any CPU
		{228D9FA5-CBC0-4489-9805-9B4456747647}.Release|Any CPU.ActiveCfg = Release|Any CPU
		{228D9FA5-CBC0-4489-9805-9B4456747647}.Release|Any CPU.Build.0 = Release|Any CPU
		{BB3AC010-C2CE-41A5-93C6-763600EF67B3}.Debug|Any CPU.ActiveCfg = Debug|Any CPU
		{BB3AC010-C2CE-41A5-93C6-763600EF67B3}.Debug|Any CPU.Build.0 = Debug|Any CPU
		{BB3AC010-C2CE-41A5-93C6-763600EF67B3}.Release|Any CPU.ActiveCfg = Release|Any CPU
		{BB3AC010-C2CE-41A5-93C6-763600EF67B3}.Release|Any CPU.Build.0 = Release|Any CPU
		{9FBCAB58-FE6D-4804-92B8-7CF886113708}.Debug|Any CPU.ActiveCfg = Debug|Any CPU
		{9FBCAB58-FE6D-4804-92B8-7CF886113708}.Debug|Any CPU.Build.0 = Debug|Any CPU
		{9FBCAB58-FE6D-4804-92B8-7CF886113708}.Release|Any CPU.ActiveCfg = Release|Any CPU
		{9FBCAB58-FE6D-4804-92B8-7CF886113708}.Release|Any CPU.Build.0 = Release|Any CPU
		{2CC1F6A6-7DCC-4C7C-A619-ACE1A4296446}.Debug|Any CPU.ActiveCfg = Debug|Any CPU
		{2CC1F6A6-7DCC-4C7C-A619-ACE1A4296446}.Debug|Any CPU.Build.0 = Debug|Any CPU
		{2CC1F6A6-7DCC-4C7C-A619-ACE1A4296446}.Release|Any CPU.ActiveCfg = Release|Any CPU
		{2CC1F6A6-7DCC-4C7C-A619-ACE1A4296446}.Release|Any CPU.Build.0 = Release|Any CPU
		{B815F239-6409-4BA7-9461-18317AA2DBED}.Debug|Any CPU.ActiveCfg = Debug|Any CPU
		{B815F239-6409-4BA7-9461-18317AA2DBED}.Debug|Any CPU.Build.0 = Debug|Any CPU
		{B815F239-6409-4BA7-9461-18317AA2DBED}.Release|Any CPU.ActiveCfg = Release|Any CPU
		{B815F239-6409-4BA7-9461-18317AA2DBED}.Release|Any CPU.Build.0 = Release|Any CPU
		{C9C93BFD-D276-4537-8724-4268520BF3C6}.Debug|Any CPU.ActiveCfg = Debug|Any CPU
		{C9C93BFD-D276-4537-8724-4268520BF3C6}.Debug|Any CPU.Build.0 = Debug|Any CPU
		{C9C93BFD-D276-4537-8724-4268520BF3C6}.Release|Any CPU.ActiveCfg = Release|Any CPU
		{C9C93BFD-D276-4537-8724-4268520BF3C6}.Release|Any CPU.Build.0 = Release|Any CPU
	EndGlobalSection
	GlobalSection(SolutionProperties) = preSolution
		HideSolutionNode = FALSE
	EndGlobalSection
EndGlobal
