
Microsoft Visual Studio Solution File, Format Version 12.00
# Visual Studio 2013
VisualStudioVersion = 12.0.30723.0
MinimumVisualStudioVersion = 10.0.40219.1
Project("{FAE04EC0-301F-11D3-BF4B-00C04F79EFBC}") = "Jint.Tests", "Jint.Tests\Jint.Tests.csproj", "{37C7D4E0-8770-4E2A-8B6D-E53087868354}"
EndProject
Project("{FAE04EC0-301F-11D3-BF4B-00C04F79EFBC}") = "Jint.Benchmark", "Jint.Benchmark\Jint.Benchmark.csproj", "{8922A952-4F82-4A97-B41C-C0A9932BFFA8}"
EndProject
Project("{FAE04EC0-301F-11D3-BF4B-00C04F79EFBC}") = "Jint.Tests.Ecma", "Jint.Tests.Ecma\Jint.Tests.Ecma.csproj", "{201EB165-EE2D-45F1-AF0E-75F1CD1A20EE}"
EndProject
Project("{FAE04EC0-301F-11D3-BF4B-00C04F79EFBC}") = "Jint", "Jint\Jint.csproj", "{678738DA-F723-4920-B9E5-CAD667104BDA}"
EndProject
Project("{FAE04EC0-301F-11D3-BF4B-00C04F79EFBC}") = "Jint.Repl", "Jint.Repl\Jint.Repl.csproj", "{A69FD3C5-F2B0-4055-A518-F4173EBA5E4D}"
EndProject
Project("{2150E333-8FDC-42A3-9474-1A3956D46DE8}") = ".nuget", ".nuget", "{90E4A7EF-8DB1-49D4-89F9-512999531AE8}"
	ProjectSection(SolutionItems) = preProject
		.nuget\NuGet.Config = .nuget\NuGet.Config
		.nuget\NuGet.exe = .nuget\NuGet.exe
		.nuget\NuGet.targets = .nuget\NuGet.targets
	EndProjectSection
EndProject
Project("{FAE04EC0-301F-11D3-BF4B-00C04F79EFBC}") = "Jint.Tests.CommonScripts", "Jint.Tests.CommonScripts\Jint.Tests.CommonScripts.csproj", "{9A78C21A-8887-4B1B-9AFE-246B53EE23B4}"
EndProject
Global
	GlobalSection(SolutionConfigurationPlatforms) = preSolution
		Debug|Any CPU = Debug|Any CPU
		Release|Any CPU = Release|Any CPU
	EndGlobalSection
	GlobalSection(ProjectConfigurationPlatforms) = postSolution
		{37C7D4E0-8770-4E2A-8B6D-E53087868354}.Debug|Any CPU.ActiveCfg = Debug|Any CPU
		{37C7D4E0-8770-4E2A-8B6D-E53087868354}.Debug|Any CPU.Build.0 = Debug|Any CPU
		{37C7D4E0-8770-4E2A-8B6D-E53087868354}.Release|Any CPU.ActiveCfg = Release|Any CPU
		{37C7D4E0-8770-4E2A-8B6D-E53087868354}.Release|Any CPU.Build.0 = Release|Any CPU
		{8922A952-4F82-4A97-B41C-C0A9932BFFA8}.Debug|Any CPU.ActiveCfg = Debug|Any CPU
		{8922A952-4F82-4A97-B41C-C0A9932BFFA8}.Debug|Any CPU.Build.0 = Debug|Any CPU
		{8922A952-4F82-4A97-B41C-C0A9932BFFA8}.Release|Any CPU.ActiveCfg = Release|Any CPU
		{8922A952-4F82-4A97-B41C-C0A9932BFFA8}.Release|Any CPU.Build.0 = Release|Any CPU
		{201EB165-EE2D-45F1-AF0E-75F1CD1A20EE}.Debug|Any CPU.ActiveCfg = Debug|Any CPU
		{201EB165-EE2D-45F1-AF0E-75F1CD1A20EE}.Debug|Any CPU.Build.0 = Debug|Any CPU
		{201EB165-EE2D-45F1-AF0E-75F1CD1A20EE}.Release|Any CPU.ActiveCfg = Release|Any CPU
		{201EB165-EE2D-45F1-AF0E-75F1CD1A20EE}.Release|Any CPU.Build.0 = Release|Any CPU
		{678738DA-F723-4920-B9E5-CAD667104BDA}.Debug|Any CPU.ActiveCfg = Debug|Any CPU
		{678738DA-F723-4920-B9E5-CAD667104BDA}.Debug|Any CPU.Build.0 = Debug|Any CPU
		{678738DA-F723-4920-B9E5-CAD667104BDA}.Release|Any CPU.ActiveCfg = Release|Any CPU
		{678738DA-F723-4920-B9E5-CAD667104BDA}.Release|Any CPU.Build.0 = Release|Any CPU
		{A69FD3C5-F2B0-4055-A518-F4173EBA5E4D}.Debug|Any CPU.ActiveCfg = Debug|Any CPU
		{A69FD3C5-F2B0-4055-A518-F4173EBA5E4D}.Debug|Any CPU.Build.0 = Debug|Any CPU
		{A69FD3C5-F2B0-4055-A518-F4173EBA5E4D}.Release|Any CPU.ActiveCfg = Release|Any CPU
		{A69FD3C5-F2B0-4055-A518-F4173EBA5E4D}.Release|Any CPU.Build.0 = Release|Any CPU
		{9A78C21A-8887-4B1B-9AFE-246B53EE23B4}.Debug|Any CPU.ActiveCfg = Debug|Any CPU
		{9A78C21A-8887-4B1B-9AFE-246B53EE23B4}.Debug|Any CPU.Build.0 = Debug|Any CPU
		{9A78C21A-8887-4B1B-9AFE-246B53EE23B4}.Release|Any CPU.ActiveCfg = Release|Any CPU
		{9A78C21A-8887-4B1B-9AFE-246B53EE23B4}.Release|Any CPU.Build.0 = Release|Any CPU
	EndGlobalSection
	GlobalSection(SolutionProperties) = preSolution
		HideSolutionNode = FALSE
	EndGlobalSection
EndGlobal
