{
  "name": "jint.tests.test262",
  "version": "1.0.0",
  "lockfileVersion": 2,
  "requires": true,
  "packages": {
    "": {
      "name": "jint.tests.test262",
      "version": "1.0.0",
      "dependencies": {
        "test262": "https://github.com/tc39/test262#0ec9dbe3b3a1562110b05fe92a4dc2142c7f0c4c"
      }
    },
    "node_modules/test262": {
      "resolved": "git+ssh://git@github.com/tc39/test262.git#0ec9dbe3b3a1562110b05fe92a4dc2142c7f0c4c"
    }
  },
  "dependencies": {
    "test262": {
      "version": "git+ssh://git@github.com/tc39/test262.git#0ec9dbe3b3a1562110b05fe92a4dc2142c7f0c4c",
      "from": "test262@https://github.com/tc39/test262#0ec9dbe3b3a1562110b05fe92a4dc2142c7f0c4c"
    }
  }
}
