
Microsoft Visual Studio Solution File, Format Version 11.00
# Visual Studio 2010
Project("{FAE04EC0-301F-11D3-BF4B-00C04F79EFBC}") = "jint.ios", "jint.ios.csproj", "{67E8EA1D-E5CB-46C0-968E-049E97403964}"
EndProject
Project("{FAE04EC0-301F-11D3-BF4B-00C04F79EFBC}") = "fjs.lib.UnitTestRunner.iOS", "..\Jint.Fred\JsLibUnitTestRunner\fjs.lib.UnitTestRunner.iOS.csproj", "{DECF92D7-BB0F-4F91-96F2-A85F6B90A1F0}"
EndProject
Global
	GlobalSection(SolutionConfigurationPlatforms) = preSolution
		Debug|Any CPU = Debug|Any CPU
		Release|Any CPU = Release|Any CPU
		Debug|iPhoneSimulator = Debug|iPhoneSimulator
		Release|iPhoneSimulator = Release|iPhoneSimulator
		Debug|iPhone = Debug|iPhone
		Release|iPhone = Release|iPhone
		Ad-Hoc|iPhone = Ad-Hoc|iPhone
		AppStore|iPhone = AppStore|iPhone
	EndGlobalSection
	GlobalSection(ProjectConfigurationPlatforms) = postSolution
		{67E8EA1D-E5CB-46C0-968E-049E97403964}.Ad-Hoc|iPhone.ActiveCfg = Debug|Any CPU
		{67E8EA1D-E5CB-46C0-968E-049E97403964}.Ad-Hoc|iPhone.Build.0 = Debug|Any CPU
		{67E8EA1D-E5CB-46C0-968E-049E97403964}.AppStore|iPhone.ActiveCfg = Debug|Any CPU
		{67E8EA1D-E5CB-46C0-968E-049E97403964}.AppStore|iPhone.Build.0 = Debug|Any CPU
		{67E8EA1D-E5CB-46C0-968E-049E97403964}.Debug|Any CPU.ActiveCfg = Debug|Any CPU
		{67E8EA1D-E5CB-46C0-968E-049E97403964}.Debug|Any CPU.Build.0 = Debug|Any CPU
		{67E8EA1D-E5CB-46C0-968E-049E97403964}.Debug|iPhone.ActiveCfg = Debug|Any CPU
		{67E8EA1D-E5CB-46C0-968E-049E97403964}.Debug|iPhone.Build.0 = Debug|Any CPU
		{67E8EA1D-E5CB-46C0-968E-049E97403964}.Debug|iPhoneSimulator.ActiveCfg = Debug|Any CPU
		{67E8EA1D-E5CB-46C0-968E-049E97403964}.Debug|iPhoneSimulator.Build.0 = Debug|Any CPU
		{67E8EA1D-E5CB-46C0-968E-049E97403964}.Release|Any CPU.ActiveCfg = Release|Any CPU
		{67E8EA1D-E5CB-46C0-968E-049E97403964}.Release|Any CPU.Build.0 = Release|Any CPU
		{67E8EA1D-E5CB-46C0-968E-049E97403964}.Release|iPhone.ActiveCfg = Release|Any CPU
		{67E8EA1D-E5CB-46C0-968E-049E97403964}.Release|iPhone.Build.0 = Release|Any CPU
		{67E8EA1D-E5CB-46C0-968E-049E97403964}.Release|iPhoneSimulator.ActiveCfg = Release|Any CPU
		{67E8EA1D-E5CB-46C0-968E-049E97403964}.Release|iPhoneSimulator.Build.0 = Release|Any CPU
		{DECF92D7-BB0F-4F91-96F2-A85F6B90A1F0}.Ad-Hoc|iPhone.ActiveCfg = Ad-Hoc|iPhone
		{DECF92D7-BB0F-4F91-96F2-A85F6B90A1F0}.Ad-Hoc|iPhone.Build.0 = Ad-Hoc|iPhone
		{DECF92D7-BB0F-4F91-96F2-A85F6B90A1F0}.AppStore|iPhone.ActiveCfg = AppStore|iPhone
		{DECF92D7-BB0F-4F91-96F2-A85F6B90A1F0}.AppStore|iPhone.Build.0 = AppStore|iPhone
		{DECF92D7-BB0F-4F91-96F2-A85F6B90A1F0}.Debug|Any CPU.ActiveCfg = Debug|iPhoneSimulator
		{DECF92D7-BB0F-4F91-96F2-A85F6B90A1F0}.Debug|Any CPU.Build.0 = Debug|iPhoneSimulator
		{DECF92D7-BB0F-4F91-96F2-A85F6B90A1F0}.Debug|iPhone.ActiveCfg = Debug|iPhone
		{DECF92D7-BB0F-4F91-96F2-A85F6B90A1F0}.Debug|iPhone.Build.0 = Debug|iPhone
		{DECF92D7-BB0F-4F91-96F2-A85F6B90A1F0}.Debug|iPhoneSimulator.ActiveCfg = Debug|iPhoneSimulator
		{DECF92D7-BB0F-4F91-96F2-A85F6B90A1F0}.Debug|iPhoneSimulator.Build.0 = Debug|iPhoneSimulator
		{DECF92D7-BB0F-4F91-96F2-A85F6B90A1F0}.Release|Any CPU.ActiveCfg = Release|iPhoneSimulator
		{DECF92D7-BB0F-4F91-96F2-A85F6B90A1F0}.Release|Any CPU.Build.0 = Release|iPhoneSimulator
		{DECF92D7-BB0F-4F91-96F2-A85F6B90A1F0}.Release|iPhone.ActiveCfg = Release|iPhone
		{DECF92D7-BB0F-4F91-96F2-A85F6B90A1F0}.Release|iPhone.Build.0 = Release|iPhone
		{DECF92D7-BB0F-4F91-96F2-A85F6B90A1F0}.Release|iPhoneSimulator.ActiveCfg = Release|iPhoneSimulator
		{DECF92D7-BB0F-4F91-96F2-A85F6B90A1F0}.Release|iPhoneSimulator.Build.0 = Release|iPhoneSimulator
	EndGlobalSection
	GlobalSection(MonoDevelopProperties) = preSolution
		StartupItem = ..\Jint.Fred\JsLibUnitTestRunner\fjs.lib.UnitTestRunner.iOS.csproj
	EndGlobalSection
EndGlobal
